
Microsoft Visual Studio Solution File, Format Version 12.00
# Visual Studio 15
VisualStudioVersion = 15.0.28307.271
MinimumVisualStudioVersion = 10.0.40219.1
Project("{FAE04EC0-301F-11D3-BF4B-00C04F79EFBC}") = "TaskTracker", "Models\TaskTracker.csproj", "{9995461A-F710-4F21-8C2E-CEBC133A1688}"
EndProject
Global
	GlobalSection(SolutionConfigurationPlatforms) = preSolution
		Debug|Any CPU = Debug|Any CPU
		Release|Any CPU = Release|Any CPU
	EndGlobalSection
	GlobalSection(ProjectConfigurationPlatforms) = postSolution
		{9995461A-F710-4F21-8C2E-CEBC133A1688}.Debug|Any CPU.ActiveCfg = Debug|Any CPU
		{9995461A-F710-4F21-8C2E-CEBC133A1688}.Debug|Any CPU.Build.0 = Debug|Any CPU
		{9995461A-F710-4F21-8C2E-CEBC133A1688}.Release|Any CPU.ActiveCfg = Release|Any CPU
		{9995461A-F710-4F21-8C2E-CEBC133A1688}.Release|Any CPU.Build.0 = Release|Any CPU
	EndGlobalSection
	GlobalSection(SolutionProperties) = preSolution
		HideSolutionNode = FALSE
	EndGlobalSection
	GlobalSection(ExtensibilityGlobals) = postSolution
		SolutionGuid = {3694C50F-0CB5-4252-8FFE-5AE4595BACC6}
	EndGlobalSection
EndGlobal
